// !$*UTF8*$!
{
	archiveVersion = 1;
	classes = {
	};
	objectVersion = 50;
	objects = {

/* Begin PBXBuildFile section */
		D2555E4324A9480400D2925A /* AppDelegate.swift in Sources */ = {isa = PBXBuildFile; fileRef = D2555E4224A9480400D2925A /* AppDelegate.swift */; };
		D2555E4524A9480400D2925A /* SceneDelegate.swift in Sources */ = {isa = PBXBuildFile; fileRef = D2555E4424A9480400D2925A /* SceneDelegate.swift */; };
		D2555E4724A9480400D2925A /* ViewController.swift in Sources */ = {isa = PBXBuildFile; fileRef = D2555E4624A9480400D2925A /* ViewController.swift */; };
		D2555E4A24A9480400D2925A /* Main.storyboard in Resources */ = {isa = PBXBuildFile; fileRef = D2555E4824A9480400D2925A /* Main.storyboard */; };
		D2555E4C24A9480900D2925A /* Assets.xcassets in Resources */ = {isa = PBXBuildFile; fileRef = D2555E4B24A9480900D2925A /* Assets.xcassets */; };
		D2555E4F24A9480900D2925A /* LaunchScreen.storyboard in Resources */ = {isa = PBXBuildFile; fileRef = D2555E4D24A9480900D2925A /* LaunchScreen.storyboard */; };
		D2555E5724A948CE00D2925A /* Card.swift in Sources */ = {isa = PBXBuildFile; fileRef = D2555E5624A948CE00D2925A /* Card.swift */; };
/* End PBXBuildFile section */

/* Begin PBXFileReference section */
		D2555E3F24A9480400D2925A /* MemoryCardApp.app */ = {isa = PBXFileReference; explicitFileType = wrapper.application; includeInIndex = 0; path = MemoryCardApp.app; sourceTree = BUILT_PRODUCTS_DIR; };
		D2555E4224A9480400D2925A /* AppDelegate.swift */ = {isa = PBXFileReference; lastKnownFileType = sourcecode.swift; path = AppDelegate.swift; sourceTree = "<group>"; };
		D2555E4424A9480400D2925A /* SceneDelegate.swift */ = {isa = PBXFileReference; lastKnownFileType = sourcecode.swift; path = SceneDelegate.swift; sourceTree = "<group>"; };
		D2555E4624A9480400D2925A /* ViewController.swift */ = {isa = PBXFileReference; lastKnownFileType = sourcecode.swift; path = ViewController.swift; sourceTree = "<group>"; };
		D2555E4924A9480400D2925A /* Base */ = {isa = PBXFileReference; lastKnownFileType = file.storyboard; name = Base; path = Base.lproj/Main.storyboard; sourceTree = "<group>"; };
		D2555E4B24A9480900D2925A /* Assets.xcassets */ = {isa = PBXFileReference; lastKnownFileType = folder.assetcatalog; path = Assets.xcassets; sourceTree = "<group>"; };
		D2555E4E24A9480900D2925A /* Base */ = {isa = PBXFileReference; lastKnownFileType = file.storyboard; name = Base; path = Base.lproj/LaunchScreen.storyboard; sourceTree = "<group>"; };
		D2555E5024A9480900D2925A /* Info.plist */ = {isa = PBXFileReference; lastKnownFileType = text.plist.xml; path = Info.plist; sourceTree = "<group>"; };
		D2555E5624A948CE00D2925A /* Card.swift */ = {isa = PBXFileReference; lastKnownFileType = sourcecode.swift; path = Card.swift; sourceTree = "<group>"; };
/* End PBXFileReference section */

/* Begin PBXFrameworksBuildPhase section */
		D2555E3C24A9480400D2925A /* Frameworks */ = {
			isa = PBXFrameworksBuildPhase;
			buildActionMask = 2147483647;
			files = (
			);
			runOnlyForDeploymentPostprocessing = 0;
		};
/* End PBXFrameworksBuildPhase section */

/* Begin PBXGroup section */
		D2555E3624A9480400D2925A = {
			isa = PBXGroup;
			children = (
				D2555E4124A9480400D2925A /* MemoryCardApp */,
				D2555E4024A9480400D2925A /* Products */,
			);
			sourceTree = "<group>";
		};
		D2555E4024A9480400D2925A /* Products */ = {
			isa = PBXGroup;
			children = (
				D2555E3F24A9480400D2925A /* MemoryCardApp.app */,
			);
			name = Products;
			sourceTree = "<group>";
		};
		D2555E4124A9480400D2925A /* MemoryCardApp */ = {
			isa = PBXGroup;
			children = (
				D2555E4224A9480400D2925A /* AppDelegate.swift */,
				D2555E4424A9480400D2925A /* SceneDelegate.swift */,
				D2555E4624A9480400D2925A /* ViewController.swift */,
				D2555E5624A948CE00D2925A /* Card.swift */,
				D2555E4824A9480400D2925A /* Main.storyboard */,
				D2555E4B24A9480900D2925A /* Assets.xcassets */,
				D2555E4D24A9480900D2925A /* LaunchScreen.storyboard */,
				D2555E5024A9480900D2925A /* Info.plist */,
			);
			path = MemoryCardApp;
			sourceTree = "<group>";
		};
/* End PBXGroup section */

/* Begin PBXNativeTarget section */
		D2555E3E24A9480400D2925A /* MemoryCardApp */ = {
			isa = PBXNativeTarget;
			buildConfigurationList = D2555E5324A9480900D2925A /* Build configuration list for PBXNativeTarget "MemoryCardApp" */;
			buildPhases = (
				D2555E3B24A9480400D2925A /* Sources */,
				D2555E3C24A9480400D2925A /* Frameworks */,
				D2555E3D24A9480400D2925A /* Resources */,
			);
			buildRules = (
			);
			dependencies = (
			);
			name = MemoryCardApp;
			productName = MemoryCardApp;
			productReference = D2555E3F24A9480400D2925A /* MemoryCardApp.app */;
			productType = "com.apple.product-type.application";
		};
/* End PBXNativeTarget section */

/* Begin PBXProject section */
		D2555E3724A9480400D2925A /* Project object */ = {
			isa = PBXProject;
			attributes = {
				LastSwiftUpdateCheck = 1150;
				LastUpgradeCheck = 1150;
				ORGANIZATIONNAME = KuwaitCodes;
				TargetAttributes = {
					D2555E3E24A9480400D2925A = {
						CreatedOnToolsVersion = 11.5;
					};
				};
			};
			buildConfigurationList = D2555E3A24A9480400D2925A /* Build configuration list for PBXProject "MemoryCardApp" */;
			compatibilityVersion = "Xcode 9.3";
			developmentRegion = en;
			hasScannedForEncodings = 0;
			knownRegions = (
				en,
				Base,
			);
			mainGroup = D2555E3624A9480400D2925A;
			productRefGroup = D2555E4024A9480400D2925A /* Products */;
			projectDirPath = "";
			projectRoot = "";
			targets = (
				D2555E3E24A9480400D2925A /* MemoryCardApp */,
			);
		};
/* End PBXProject section */

/* Begin PBXResourcesBuildPhase section */
		D2555E3D24A9480400D2925A /* Resources */ = {
			isa = PBXResourcesBuildPhase;
			buildActionMask = 2147483647;
			files = (
				D2555E4F24A9480900D2925A /* LaunchScreen.storyboard in Resources */,
				D2555E4C24A9480900D2925A /* Assets.xcassets in Resources */,
				D2555E4A24A9480400D2925A /* Main.storyboard in Resources */,
			);
			runOnlyForDeploymentPostprocessing = 0;
		};
/* End PBXResourcesBuildPhase section */

/* Begin PBXSourcesBuildPhase section */
		D2555E3B24A9480400D2925A /* Sources */ = {
			isa = PBXSourcesBuildPhase;
			buildActionMask = 2147483647;
			files = (
				D2555E4724A9480400D2925A /* ViewController.swift in Sources */,
				D2555E4324A9480400D2925A /* AppDelegate.swift in Sources */,
				D2555E4524A9480400D2925A /* SceneDelegate.swift in Sources */,
				D2555E5724A948CE00D2925A /* Card.swift in Sources */,
			);
			runOnlyForDeploymentPostprocessing = 0;
		};
/* End PBXSourcesBuildPhase section */

/* Begin PBXVariantGroup section */
		D2555E4824A9480400D2925A /* Main.storyboard */ = {
			isa = PBXVariantGroup;
			children = (
				D2555E4924A9480400D2925A /* Base */,
			);
			name = Main.storyboard;
			sourceTree = "<group>";
		};
		D2555E4D24A9480900D2925A /* LaunchScreen.storyboard */ = {
			isa = PBXVariantGroup;
			children = (
				D2555E4E24A9480900D2925A /* Base */,
			);
			name = LaunchScreen.storyboard;
			sourceTree = "<group>";
		};
/* End PBXVariantGroup section */

/* Begin XCBuildConfiguration section */
		D2555E5124A9480900D2925A /* Debug */ = {
			isa = XCBuildConfiguration;
			buildSettings = {
				ALWAYS_SEARCH_USER_PATHS = NO;
				CLANG_ANALYZER_NONNULL = YES;
				CLANG_ANALYZER_NUMBER_OBJECT_CONVERSION = YES_AGGRESSIVE;
				CLANG_CXX_LANGUAGE_STANDARD = "gnu++14";
				CLANG_CXX_LIBRARY = "libc++";
				CLANG_ENABLE_MODULES = YES;
				CLANG_ENABLE_OBJC_ARC = YES;
				CLANG_ENABLE_OBJC_WEAK = YES;
				CLANG_WARN_BLOCK_CAPTURE_AUTORELEASING = YES;
				CLANG_WARN_BOOL_CONVERSION = YES;
				CLANG_WARN_COMMA = YES;
				CLANG_WARN_CONSTANT_CONVERSION = YES;
				CLANG_WARN_DEPRECATED_OBJC_IMPLEMENTATIONS = YES;
				CLANG_WARN_DIRECT_OBJC_ISA_USAGE = YES_ERROR;
				CLANG_WARN_DOCUMENTATION_COMMENTS = YES;
				CLANG_WARN_EMPTY_BODY = YES;
				CLANG_WARN_ENUM_CONVERSION = YES;
				CLANG_WARN_INFINITE_RECURSION = YES;
				CLANG_WARN_INT_CONVERSION = YES;
				CLANG_WARN_NON_LITERAL_NULL_CONVERSION = YES;
				CLANG_WARN_OBJC_IMPLICIT_RETAIN_SELF = YES;
				CLANG_WARN_OBJC_LITERAL_CONVERSION = YES;
				CLANG_WARN_OBJC_ROOT_CLASS = YES_ERROR;
				CLANG_WARN_RANGE_LOOP_ANALYSIS = YES;
				CLANG_WARN_STRICT_PROTOTYPES = YES;
				CLANG_WARN_SUSPICIOUS_MOVE = YES;
				CLANG_WARN_UNGUARDED_AVAILABILITY = YES_AGGRESSIVE;
				CLANG_WARN_UNREACHABLE_CODE = YES;
				CLANG_WARN__DUPLICATE_METHOD_MATCH = YES;
				COPY_PHASE_STRIP = NO;
				DEBUG_INFORMATION_FORMAT = dwarf;
				ENABLE_STRICT_OBJC_MSGSEND = YES;
				ENABLE_TESTABILITY = YES;
				GCC_C_LANGUAGE_STANDARD = gnu11;
				GCC_DYNAMIC_NO_PIC = NO;
				GCC_NO_COMMON_BLOCKS = YES;
				GCC_OPTIMIZATION_LEVEL = 0;
				GCC_PREPROCESSOR_DEFINITIONS = (
					"DEBUG=1",
					"$(inherited)",
				);
				GCC_WARN_64_TO_32_BIT_CONVERSION = YES;
				GCC_WARN_ABOUT_RETURN_TYPE = YES_ERROR;
				GCC_WARN_UNDECLARED_SELECTOR = YES;
				GCC_WARN_UNINITIALIZED_AUTOS = YES_AGGRESSIVE;
				GCC_WARN_UNUSED_FUNCTION = YES;
				GCC_WARN_UNUSED_VARIABLE = YES;
				IPHONEOS_DEPLOYMENT_TARGET = 13.5;
				MTL_ENABLE_DEBUG_INFO = INCLUDE_SOURCE;
				MTL_FAST_MATH = YES;
				ONLY_ACTIVE_ARCH = YES;
				SDKROOT = iphoneos;
				SWIFT_ACTIVE_COMPILATION_CONDITIONS = DEBUG;
				SWIFT_OPTIMIZATION_LEVEL = "-Onone";
			};
			name = Debug;
		};
		D2555E5224A9480900D2925A /* Release */ = {
			isa = XCBuildConfiguration;
			buildSettings = {
				ALWAYS_SEARCH_USER_PATHS = NO;
				CLANG_ANALYZER_NONNULL = YES;
				CLANG_ANALYZER_NUMBER_OBJECT_CONVERSION = YES_AGGRESSIVE;
				CLANG_CXX_LANGUAGE_STANDARD = "gnu++14";
				CLANG_CXX_LIBRARY = "libc++";
				CLANG_ENABLE_MODULES = YES;
				CLANG_ENABLE_OBJC_ARC = YES;
				CLANG_ENABLE_OBJC_WEAK = YES;
				CLANG_WARN_BLOCK_CAPTURE_AUTORELEASING = YES;
				CLANG_WARN_BOOL_CONVERSION = YES;
				CLANG_WARN_COMMA = YES;
				CLANG_WARN_CONSTANT_CONVERSION = YES;
				CLANG_WARN_DEPRECATED_OBJC_IMPLEMENTATIONS = YES;
				CLANG_WARN_DIRECT_OBJC_ISA_USAGE = YES_ERROR;
				CLANG_WARN_DOCUMENTATION_COMMENTS = YES;
				CLANG_WARN_EMPTY_BODY = YES;
				CLANG_WARN_ENUM_CONVERSION = YES;
				CLANG_WARN_INFINITE_RECURSION = YES;
				CLANG_WARN_INT_CONVERSION = YES;
				CLANG_WARN_NON_LITERAL_NULL_CONVERSION = YES;
				CLANG_WARN_OBJC_IMPLICIT_RETAIN_SELF = YES;
				CLANG_WARN_OBJC_LITERAL_CONVERSION = YES;
				CLANG_WARN_OBJC_ROOT_CLASS = YES_ERROR;
				CLANG_WARN_RANGE_LOOP_ANALYSIS = YES;
				CLANG_WARN_STRICT_PROTOTYPES = YES;
				CLANG_WARN_SUSPICIOUS_MOVE = YES;
				CLANG_WARN_UNGUARDED_AVAILABILITY = YES_AGGRESSIVE;
				CLANG_WARN_UNREACHABLE_CODE = YES;
				CLANG_WARN__DUPLICATE_METHOD_MATCH = YES;
				COPY_PHASE_STRIP = NO;
				DEBUG_INFORMATION_FORMAT = "dwarf-with-dsym";
				ENABLE_NS_ASSERTIONS = NO;
				ENABLE_STRICT_OBJC_MSGSEND = YES;
				GCC_C_LANGUAGE_STANDARD = gnu11;
				GCC_NO_COMMON_BLOCKS = YES;
				GCC_WARN_64_TO_32_BIT_CONVERSION = YES;
				GCC_WARN_ABOUT_RETURN_TYPE = YES_ERROR;
				GCC_WARN_UNDECLARED_SELECTOR = YES;
				GCC_WARN_UNINITIALIZED_AUTOS = YES_AGGRESSIVE;
				GCC_WARN_UNUSED_FUNCTION = YES;
				GCC_WARN_UNUSED_VARIABLE = YES;
				IPHONEOS_DEPLOYMENT_TARGET = 13.5;
				MTL_ENABLE_DEBUG_INFO = NO;
				MTL_FAST_MATH = YES;
				SDKROOT = iphoneos;
				SWIFT_COMPILATION_MODE = wholemodule;
				SWIFT_OPTIMIZATION_LEVEL = "-O";
				VALIDATE_PRODUCT = YES;
			};
			name = Release;
		};
		D2555E5424A9480900D2925A /* Debug */ = {
			isa = XCBuildConfiguration;
			buildSettings = {
				ASSETCATALOG_COMPILER_APPICON_NAME = AppIcon;
				CODE_SIGN_STYLE = Automatic;
				DEVELOPMENT_TEAM = 9VCECTYT2E;
				INFOPLIST_FILE = MemoryCardApp/Info.plist;
				LD_RUNPATH_SEARCH_PATHS = (
					"$(inherited)",
					"@executable_path/Frameworks",
				);
				PRODUCT_BUNDLE_IDENTIFIER = com.OMAR.MemoryCardApp;
				PRODUCT_NAME = "$(TARGET_NAME)";
				SWIFT_VERSION = 5.0;
				TARGETED_DEVICE_FAMILY = "1,2";
			};
			name = Debug;
		};
		D2555E5524A9480900D2925A /* Release */ = {
			isa = XCBuildConfiguration;
			buildSettings = {
				ASSETCATALOG_COMPILER_APPICON_NAME = AppIcon;
				CODE_SIGN_STYLE = Automatic;
				DEVELOPMENT_TEAM = 9VCECTYT2E;
				INFOPLIST_FILE = MemoryCardApp/Info.plist;
				LD_RUNPATH_SEARCH_PATHS = (
					"$(inherited)",
					"@executable_path/Frameworks",
				);
				PRODUCT_BUNDLE_IDENTIFIER = com.OMAR.MemoryCardApp;
				PRODUCT_NAME = "$(TARGET_NAME)";
				SWIFT_VERSION = 5.0;
				TARGETED_DEVICE_FAMILY = "1,2";
			};
			name = Release;
		};
/* End XCBuildConfiguration section */

/* Begin XCConfigurationList section */
		D2555E3A24A9480400D2925A /* Build configuration list for PBXProject "MemoryCardApp" */ = {
			isa = XCConfigurationList;
			buildConfigurations = (
				D2555E5124A9480900D2925A /* Debug */,
				D2555E5224A9480900D2925A /* Release */,
			);
			defaultConfigurationIsVisible = 0;
			defaultConfigurationName = Release;
		};
		D2555E5324A9480900D2925A /* Build configuration list for PBXNativeTarget "MemoryCardApp" */ = {
			isa = XCConfigurationList;
			buildConfigurations = (
				D2555E5424A9480900D2925A /* Debug */,
				D2555E5524A9480900D2925A /* Release */,
			);
			defaultConfigurationIsVisible = 0;
			defaultConfigurationName = Release;
		};
/* End XCConfigurationList section */
	};
	rootObject = D2555E3724A9480400D2925A /* Project object */;
}
